
Microsoft Visual Studio Solution File, Format Version 12.00
# Visual Studio Version 17
VisualStudioVersion = 17.6.33815.320
MinimumVisualStudioVersion = 10.0.40219.1
Project("{9A19103F-16F7-4668-BE54-9A1E7A4F7556}") = "Edukator.EntityLayer", "Edukator.EntityLayer\Edukator.EntityLayer.csproj", "{8973D078-D6EE-4470-923E-36E80EDDDF4F}"
EndProject
Project("{9A19103F-16F7-4668-BE54-9A1E7A4F7556}") = "Edukator.DataAccessLayer", "Edukator.DataAccessLayer\Edukator.DataAccessLayer.csproj", "{E8FDFA1B-9723-482D-AE29-FEAA998A17C9}"
EndProject
Project("{9A19103F-16F7-4668-BE54-9A1E7A4F7556}") = "Edukator.BusinessLayer", "Edukator.BusinessLayer\Edukator.BusinessLayer.csproj", "{5D4117FC-D8F2-4437-82DA-77130B1F3FDF}"
EndProject
Project("{9A19103F-16F7-4668-BE54-9A1E7A4F7556}") = "Educator.Shared", "Educator.Shared\Educator.Shared.csproj", "{26A66B9C-D353-433D-920C-B7DF7FB543DC}"
EndProject
Project("{9A19103F-16F7-4668-BE54-9A1E7A4F7556}") = "EdukatorMongo.Web", "EdukatorMongo.Web\EdukatorMongo.Web.csproj", "{86602A9C-B98D-4F63-A038-BA451FDB5B43}"
EndProject
Global
	GlobalSection(SolutionConfigurationPlatforms) = preSolution
		Debug|Any CPU = Debug|Any CPU
		Release|Any CPU = Release|Any CPU
	EndGlobalSection
	GlobalSection(ProjectConfigurationPlatforms) = postSolution
		{8973D078-D6EE-4470-923E-36E80EDDDF4F}.Debug|Any CPU.ActiveCfg = Debug|Any CPU
		{8973D078-D6EE-4470-923E-36E80EDDDF4F}.Debug|Any CPU.Build.0 = Debug|Any CPU
		{8973D078-D6EE-4470-923E-36E80EDDDF4F}.Release|Any CPU.ActiveCfg = Release|Any CPU
		{8973D078-D6EE-4470-923E-36E80EDDDF4F}.Release|Any CPU.Build.0 = Release|Any CPU
		{E8FDFA1B-9723-482D-AE29-FEAA998A17C9}.Debug|Any CPU.ActiveCfg = Debug|Any CPU
		{E8FDFA1B-9723-482D-AE29-FEAA998A17C9}.Debug|Any CPU.Build.0 = Debug|Any CPU
		{E8FDFA1B-9723-482D-AE29-FEAA998A17C9}.Release|Any CPU.ActiveCfg = Release|Any CPU
		{E8FDFA1B-9723-482D-AE29-FEAA998A17C9}.Release|Any CPU.Build.0 = Release|Any CPU
		{5D4117FC-D8F2-4437-82DA-77130B1F3FDF}.Debug|Any CPU.ActiveCfg = Debug|Any CPU
		{5D4117FC-D8F2-4437-82DA-77130B1F3FDF}.Debug|Any CPU.Build.0 = Debug|Any CPU
		{5D4117FC-D8F2-4437-82DA-77130B1F3FDF}.Release|Any CPU.ActiveCfg = Release|Any CPU
		{5D4117FC-D8F2-4437-82DA-77130B1F3FDF}.Release|Any CPU.Build.0 = Release|Any CPU
		{26A66B9C-D353-433D-920C-B7DF7FB543DC}.Debug|Any CPU.ActiveCfg = Debug|Any CPU
		{26A66B9C-D353-433D-920C-B7DF7FB543DC}.Debug|Any CPU.Build.0 = Debug|Any CPU
		{26A66B9C-D353-433D-920C-B7DF7FB543DC}.Release|Any CPU.ActiveCfg = Release|Any CPU
		{26A66B9C-D353-433D-920C-B7DF7FB543DC}.Release|Any CPU.Build.0 = Release|Any CPU
		{86602A9C-B98D-4F63-A038-BA451FDB5B43}.Debug|Any CPU.ActiveCfg = Debug|Any CPU
		{86602A9C-B98D-4F63-A038-BA451FDB5B43}.Debug|Any CPU.Build.0 = Debug|Any CPU
		{86602A9C-B98D-4F63-A038-BA451FDB5B43}.Release|Any CPU.ActiveCfg = Release|Any CPU
		{86602A9C-B98D-4F63-A038-BA451FDB5B43}.Release|Any CPU.Build.0 = Release|Any CPU
	EndGlobalSection
	GlobalSection(SolutionProperties) = preSolution
		HideSolutionNode = FALSE
	EndGlobalSection
	GlobalSection(ExtensibilityGlobals) = postSolution
		SolutionGuid = {04E55F96-7FBB-4685-B1BB-4149DAA4E276}
	EndGlobalSection
EndGlobal
